
Microsoft Visual Studio Solution File, Format Version 12.00
# Visual Studio Version 17
VisualStudioVersion = 17.4.33205.214
MinimumVisualStudioVersion = 10.0.40219.1
Project("{FAE04EC0-301F-11D3-BF4B-00C04F79EFBC}") = "Definition_Delay", "Definition_Delay\Definition_Delay.csproj", "{9767ECBD-3624-44B9-87DF-A7C9DD5BDB5C}"
EndProject
Global
	GlobalSection(SolutionConfigurationPlatforms) = preSolution
		Debug|Any CPU = Debug|Any CPU
		Release|Any CPU = Release|Any CPU
	EndGlobalSection
	GlobalSection(ProjectConfigurationPlatforms) = postSolution
		{9767ECBD-3624-44B9-87DF-A7C9DD5BDB5C}.Debug|Any CPU.ActiveCfg = Debug|Any CPU
		{9767ECBD-3624-44B9-87DF-A7C9DD5BDB5C}.Debug|Any CPU.Build.0 = Debug|Any CPU
		{9767ECBD-3624-44B9-87DF-A7C9DD5BDB5C}.Release|Any CPU.ActiveCfg = Release|Any CPU
		{9767ECBD-3624-44B9-87DF-A7C9DD5BDB5C}.Release|Any CPU.Build.0 = Release|Any CPU
	EndGlobalSection
	GlobalSection(SolutionProperties) = preSolution
		HideSolutionNode = FALSE
	EndGlobalSection
	GlobalSection(ExtensibilityGlobals) = postSolution
		SolutionGuid = {8E0C1AAA-5894-4445-B0E3-852CE9A5A426}
	EndGlobalSection
EndGlobal
